
Microsoft Visual Studio Solution File, Format Version 12.00
# Visual Studio Version 16
VisualStudioVersion = 16.0.29102.190
MinimumVisualStudioVersion = 10.0.40219.1
Project("{FAE04EC0-301F-11D3-BF4B-00C04F79EFBC}") = "Eventures", "Eventures\Eventures.csproj", "{46906A20-29CC-4AC4-9FAE-660AECDFEEC6}"
EndProject
Project("{FAE04EC0-301F-11D3-BF4B-00C04F79EFBC}") = "Eventures.Data", "Eventures.Data\Eventures.Data.csproj", "{B31266A5-849E-42BF-B293-CE4203725A97}"
EndProject
Project("{FAE04EC0-301F-11D3-BF4B-00C04F79EFBC}") = "Eventures.Domain", "Eventures.Domain\Eventures.Domain.csproj", "{56C92A35-0396-4D58-84A4-1C0BCE8A0C55}"
EndProject
Global
	GlobalSection(SolutionConfigurationPlatforms) = preSolution
		Debug|Any CPU = Debug|Any CPU
		Release|Any CPU = Release|Any CPU
	EndGlobalSection
	GlobalSection(ProjectConfigurationPlatforms) = postSolution
		{46906A20-29CC-4AC4-9FAE-660AECDFEEC6}.Debug|Any CPU.ActiveCfg = Debug|Any CPU
		{46906A20-29CC-4AC4-9FAE-660AECDFEEC6}.Debug|Any CPU.Build.0 = Debug|Any CPU
		{46906A20-29CC-4AC4-9FAE-660AECDFEEC6}.Release|Any CPU.ActiveCfg = Release|Any CPU
		{46906A20-29CC-4AC4-9FAE-660AECDFEEC6}.Release|Any CPU.Build.0 = Release|Any CPU
		{B31266A5-849E-42BF-B293-CE4203725A97}.Debug|Any CPU.ActiveCfg = Debug|Any CPU
		{B31266A5-849E-42BF-B293-CE4203725A97}.Debug|Any CPU.Build.0 = Debug|Any CPU
		{B31266A5-849E-42BF-B293-CE4203725A97}.Release|Any CPU.ActiveCfg = Release|Any CPU
		{B31266A5-849E-42BF-B293-CE4203725A97}.Release|Any CPU.Build.0 = Release|Any CPU
		{56C92A35-0396-4D58-84A4-1C0BCE8A0C55}.Debug|Any CPU.ActiveCfg = Debug|Any CPU
		{56C92A35-0396-4D58-84A4-1C0BCE8A0C55}.Debug|Any CPU.Build.0 = Debug|Any CPU
		{56C92A35-0396-4D58-84A4-1C0BCE8A0C55}.Release|Any CPU.ActiveCfg = Release|Any CPU
		{56C92A35-0396-4D58-84A4-1C0BCE8A0C55}.Release|Any CPU.Build.0 = Release|Any CPU
	EndGlobalSection
	GlobalSection(SolutionProperties) = preSolution
		HideSolutionNode = FALSE
	EndGlobalSection
	GlobalSection(ExtensibilityGlobals) = postSolution
		SolutionGuid = {FDECFE9B-20EA-497B-A6F7-3E48F8750015}
	EndGlobalSection
EndGlobal
