
Microsoft Visual Studio Solution File, Format Version 12.00
# Visual Studio Version 16
VisualStudioVersion = 16.0.29418.71
MinimumVisualStudioVersion = 10.0.40219.1
Project("{2150E333-8FDC-42A3-9474-1A3956D46DE8}") = "Web", "Web", "{0ECEBDB1-D0DE-48B5-814D-EF48F00A4ED5}"
EndProject
Project("{2150E333-8FDC-42A3-9474-1A3956D46DE8}") = "Data", "Data", "{39E5F6F0-7C8C-41B7-94E1-1857C6CD1E35}"
EndProject
Project("{2150E333-8FDC-42A3-9474-1A3956D46DE8}") = "Services", "Services", "{69ADEED6-CA14-4885-AE94-BF66E9743290}"
EndProject
Project("{9A19103F-16F7-4668-BE54-9A1E7A4F7556}") = "CarServiceMS.Web", "Web\CarServiceMS.Web\CarServiceMS.Web.csproj", "{957EC01E-8296-422C-AEFB-A50C49FC3A8C}"
EndProject
Project("{9A19103F-16F7-4668-BE54-9A1E7A4F7556}") = "CarServiceMS.Data", "Data\CarServiceMS.Data\CarServiceMS.Data.csproj", "{24CF34FB-9741-4B3E-9C1C-07ABE92F3F00}"
EndProject
Project("{9A19103F-16F7-4668-BE54-9A1E7A4F7556}") = "CarServiceMS.Data.Models", "Data\CarServiceMS.Data.Models\CarServiceMS.Data.Models.csproj", "{EC6D23B4-E0F7-4CD4-B41C-60CCF9A795F2}"
EndProject
Project("{9A19103F-16F7-4668-BE54-9A1E7A4F7556}") = "CarServiceMS.Data.CustomAttributes", "Data\CarServiceMS.Data.CustomAttributes\CarServiceMS.Data.CustomAttributes.csproj", "{D98AAC85-43CB-4291-A6DF-372AB7F19B53}"
EndProject
Project("{9A19103F-16F7-4668-BE54-9A1E7A4F7556}") = "CarServiceMS.Services.Interfaces", "Services\CarServiceMS.Services.Interfaces\CarServiceMS.Services.Interfaces.csproj", "{BB04CFC7-854C-4BC9-9C7D-599EC7EBB218}"
EndProject
Project("{9A19103F-16F7-4668-BE54-9A1E7A4F7556}") = "CarServiceMS.Services", "Services\CarServiceMS.Services\CarServiceMS.Services.csproj", "{FE502B72-79C4-49B5-BE9D-8783CFF34FEF}"
EndProject
Project("{9A19103F-16F7-4668-BE54-9A1E7A4F7556}") = "CarServiceMS.Service.Models", "Services\CarServiceMS.Service.Models\CarServiceMS.Service.Models.csproj", "{C1E75FE2-ED3F-4C86-9092-67EF022F248A}"
EndProject
Project("{9A19103F-16F7-4668-BE54-9A1E7A4F7556}") = "CarServiceMS.Service.AutoMapper", "Services\CarServiceMS.Service.AutoMapper\CarServiceMS.Service.AutoMapper.csproj", "{AA4B2620-7DFC-4916-9986-D6627819D6ED}"
EndProject
Project("{9A19103F-16F7-4668-BE54-9A1E7A4F7556}") = "CarServiceMS.Web.InputModels", "Web\CarServiceMS.Web.InputModels\CarServiceMS.Web.InputModels.csproj", "{182FE202-E5E2-4A94-9AB4-D9BFC8F32F78}"
EndProject
Project("{9A19103F-16F7-4668-BE54-9A1E7A4F7556}") = "CarServiceMS.Web.ViewModels", "Web\CarServiceMS.Web.ViewModels\CarServiceMS.Web.ViewModels.csproj", "{5D9D8652-6E4D-4965-8BE5-9FC9EDA2863C}"
EndProject
Project("{2150E333-8FDC-42A3-9474-1A3956D46DE8}") = "Tests", "Tests", "{95E08B54-3830-41F2-B858-FAD627D9379F}"
EndProject
Project("{FAE04EC0-301F-11D3-BF4B-00C04F79EFBC}") = "CarServiceMS.Tests", "Tests\CarServiceMS.Tests\CarServiceMS.Tests.csproj", "{E2FBBC69-90B5-4B7A-A72E-A595B0569326}"
EndProject
Global
	GlobalSection(SolutionConfigurationPlatforms) = preSolution
		Debug|Any CPU = Debug|Any CPU
		Release|Any CPU = Release|Any CPU
	EndGlobalSection
	GlobalSection(ProjectConfigurationPlatforms) = postSolution
		{957EC01E-8296-422C-AEFB-A50C49FC3A8C}.Debug|Any CPU.ActiveCfg = Debug|Any CPU
		{957EC01E-8296-422C-AEFB-A50C49FC3A8C}.Debug|Any CPU.Build.0 = Debug|Any CPU
		{957EC01E-8296-422C-AEFB-A50C49FC3A8C}.Release|Any CPU.ActiveCfg = Release|Any CPU
		{957EC01E-8296-422C-AEFB-A50C49FC3A8C}.Release|Any CPU.Build.0 = Release|Any CPU
		{24CF34FB-9741-4B3E-9C1C-07ABE92F3F00}.Debug|Any CPU.ActiveCfg = Debug|Any CPU
		{24CF34FB-9741-4B3E-9C1C-07ABE92F3F00}.Debug|Any CPU.Build.0 = Debug|Any CPU
		{24CF34FB-9741-4B3E-9C1C-07ABE92F3F00}.Release|Any CPU.ActiveCfg = Release|Any CPU
		{24CF34FB-9741-4B3E-9C1C-07ABE92F3F00}.Release|Any CPU.Build.0 = Release|Any CPU
		{EC6D23B4-E0F7-4CD4-B41C-60CCF9A795F2}.Debug|Any CPU.ActiveCfg = Debug|Any CPU
		{EC6D23B4-E0F7-4CD4-B41C-60CCF9A795F2}.Debug|Any CPU.Build.0 = Debug|Any CPU
		{EC6D23B4-E0F7-4CD4-B41C-60CCF9A795F2}.Release|Any CPU.ActiveCfg = Release|Any CPU
		{EC6D23B4-E0F7-4CD4-B41C-60CCF9A795F2}.Release|Any CPU.Build.0 = Release|Any CPU
		{D98AAC85-43CB-4291-A6DF-372AB7F19B53}.Debug|Any CPU.ActiveCfg = Debug|Any CPU
		{D98AAC85-43CB-4291-A6DF-372AB7F19B53}.Debug|Any CPU.Build.0 = Debug|Any CPU
		{D98AAC85-43CB-4291-A6DF-372AB7F19B53}.Release|Any CPU.ActiveCfg = Release|Any CPU
		{D98AAC85-43CB-4291-A6DF-372AB7F19B53}.Release|Any CPU.Build.0 = Release|Any CPU
		{BB04CFC7-854C-4BC9-9C7D-599EC7EBB218}.Debug|Any CPU.ActiveCfg = Debug|Any CPU
		{BB04CFC7-854C-4BC9-9C7D-599EC7EBB218}.Debug|Any CPU.Build.0 = Debug|Any CPU
		{BB04CFC7-854C-4BC9-9C7D-599EC7EBB218}.Release|Any CPU.ActiveCfg = Release|Any CPU
		{BB04CFC7-854C-4BC9-9C7D-599EC7EBB218}.Release|Any CPU.Build.0 = Release|Any CPU
		{FE502B72-79C4-49B5-BE9D-8783CFF34FEF}.Debug|Any CPU.ActiveCfg = Debug|Any CPU
		{FE502B72-79C4-49B5-BE9D-8783CFF34FEF}.Debug|Any CPU.Build.0 = Debug|Any CPU
		{FE502B72-79C4-49B5-BE9D-8783CFF34FEF}.Release|Any CPU.ActiveCfg = Release|Any CPU
		{FE502B72-79C4-49B5-BE9D-8783CFF34FEF}.Release|Any CPU.Build.0 = Release|Any CPU
		{C1E75FE2-ED3F-4C86-9092-67EF022F248A}.Debug|Any CPU.ActiveCfg = Debug|Any CPU
		{C1E75FE2-ED3F-4C86-9092-67EF022F248A}.Debug|Any CPU.Build.0 = Debug|Any CPU
		{C1E75FE2-ED3F-4C86-9092-67EF022F248A}.Release|Any CPU.ActiveCfg = Release|Any CPU
		{C1E75FE2-ED3F-4C86-9092-67EF022F248A}.Release|Any CPU.Build.0 = Release|Any CPU
		{AA4B2620-7DFC-4916-9986-D6627819D6ED}.Debug|Any CPU.ActiveCfg = Debug|Any CPU
		{AA4B2620-7DFC-4916-9986-D6627819D6ED}.Debug|Any CPU.Build.0 = Debug|Any CPU
		{AA4B2620-7DFC-4916-9986-D6627819D6ED}.Release|Any CPU.ActiveCfg = Release|Any CPU
		{AA4B2620-7DFC-4916-9986-D6627819D6ED}.Release|Any CPU.Build.0 = Release|Any CPU
		{182FE202-E5E2-4A94-9AB4-D9BFC8F32F78}.Debug|Any CPU.ActiveCfg = Debug|Any CPU
		{182FE202-E5E2-4A94-9AB4-D9BFC8F32F78}.Debug|Any CPU.Build.0 = Debug|Any CPU
		{182FE202-E5E2-4A94-9AB4-D9BFC8F32F78}.Release|Any CPU.ActiveCfg = Release|Any CPU
		{182FE202-E5E2-4A94-9AB4-D9BFC8F32F78}.Release|Any CPU.Build.0 = Release|Any CPU
		{5D9D8652-6E4D-4965-8BE5-9FC9EDA2863C}.Debug|Any CPU.ActiveCfg = Debug|Any CPU
		{5D9D8652-6E4D-4965-8BE5-9FC9EDA2863C}.Debug|Any CPU.Build.0 = Debug|Any CPU
		{5D9D8652-6E4D-4965-8BE5-9FC9EDA2863C}.Release|Any CPU.ActiveCfg = Release|Any CPU
		{5D9D8652-6E4D-4965-8BE5-9FC9EDA2863C}.Release|Any CPU.Build.0 = Release|Any CPU
		{E2FBBC69-90B5-4B7A-A72E-A595B0569326}.Debug|Any CPU.ActiveCfg = Debug|Any CPU
		{E2FBBC69-90B5-4B7A-A72E-A595B0569326}.Debug|Any CPU.Build.0 = Debug|Any CPU
		{E2FBBC69-90B5-4B7A-A72E-A595B0569326}.Release|Any CPU.ActiveCfg = Release|Any CPU
		{E2FBBC69-90B5-4B7A-A72E-A595B0569326}.Release|Any CPU.Build.0 = Release|Any CPU
	EndGlobalSection
	GlobalSection(SolutionProperties) = preSolution
		HideSolutionNode = FALSE
	EndGlobalSection
	GlobalSection(NestedProjects) = preSolution
		{957EC01E-8296-422C-AEFB-A50C49FC3A8C} = {0ECEBDB1-D0DE-48B5-814D-EF48F00A4ED5}
		{24CF34FB-9741-4B3E-9C1C-07ABE92F3F00} = {39E5F6F0-7C8C-41B7-94E1-1857C6CD1E35}
		{EC6D23B4-E0F7-4CD4-B41C-60CCF9A795F2} = {39E5F6F0-7C8C-41B7-94E1-1857C6CD1E35}
		{D98AAC85-43CB-4291-A6DF-372AB7F19B53} = {39E5F6F0-7C8C-41B7-94E1-1857C6CD1E35}
		{BB04CFC7-854C-4BC9-9C7D-599EC7EBB218} = {69ADEED6-CA14-4885-AE94-BF66E9743290}
		{FE502B72-79C4-49B5-BE9D-8783CFF34FEF} = {69ADEED6-CA14-4885-AE94-BF66E9743290}
		{C1E75FE2-ED3F-4C86-9092-67EF022F248A} = {69ADEED6-CA14-4885-AE94-BF66E9743290}
		{AA4B2620-7DFC-4916-9986-D6627819D6ED} = {69ADEED6-CA14-4885-AE94-BF66E9743290}
		{182FE202-E5E2-4A94-9AB4-D9BFC8F32F78} = {0ECEBDB1-D0DE-48B5-814D-EF48F00A4ED5}
		{5D9D8652-6E4D-4965-8BE5-9FC9EDA2863C} = {0ECEBDB1-D0DE-48B5-814D-EF48F00A4ED5}
		{E2FBBC69-90B5-4B7A-A72E-A595B0569326} = {95E08B54-3830-41F2-B858-FAD627D9379F}
	EndGlobalSection
	GlobalSection(ExtensibilityGlobals) = postSolution
		SolutionGuid = {F38CE773-CF95-4A91-AF99-CFD456B906A6}
	EndGlobalSection
EndGlobal
